// !$*UTF8*$!
{
	archiveVersion = 1;
	classes = {
	};
	objectVersion = 56;
	objects = {

/* Begin PBXBuildFile section */
		4E1A55552A6A29720056951B /* LoveLogRoutes.swift in Sources */ = {isa = PBXBuildFile; fileRef = 4E1A55542A6A29720056951B /* LoveLogRoutes.swift */; };
		4E1A55572A6A37660056951B /* SubQuestionTextView.swift in Sources */ = {isa = PBXBuildFile; fileRef = 4E1A55562A6A37660056951B /* SubQuestionTextView.swift */; };
		4E1A55592A6ACCD30056951B /* PairItemView.swift in Sources */ = {isa = PBXBuildFile; fileRef = 4E1A55582A6ACCD30056951B /* PairItemView.swift */; };
		4E1A555B2A6AD6470056951B /* PairListView.swift in Sources */ = {isa = PBXBuildFile; fileRef = 4E1A555A2A6AD6460056951B /* PairListView.swift */; };
		4E1A555D2A6ADD220056951B /* View+Extensions.swift in Sources */ = {isa = PBXBuildFile; fileRef = 4E1A555C2A6ADD220056951B /* View+Extensions.swift */; };
		4E435B2A2A6C2C8400602281 /* SignedInteger+Extensions.swift in Sources */ = {isa = PBXBuildFile; fileRef = 4E435B292A6C2C8400602281 /* SignedInteger+Extensions.swift */; };
		4E435B2C2A6C2F1D00602281 /* WarmUpUserAnswerView.swift in Sources */ = {isa = PBXBuildFile; fileRef = 4E435B2B2A6C2F1D00602281 /* WarmUpUserAnswerView.swift */; };
		4E7990B52A6643FF002027D1 /* UserService.swift in Sources */ = {isa = PBXBuildFile; fileRef = 4E7990B42A6643FF002027D1 /* UserService.swift */; };
		4E7990B72A664414002027D1 /* UserRepository.swift in Sources */ = {isa = PBXBuildFile; fileRef = 4E7990B62A664414002027D1 /* UserRepository.swift */; };
		4E7990B92A66443B002027D1 /* UserCoreDataAdapter.swift in Sources */ = {isa = PBXBuildFile; fileRef = 4E7990B82A66443B002027D1 /* UserCoreDataAdapter.swift */; };
		4E7990BB2A66445A002027D1 /* UserEntity.swift in Sources */ = {isa = PBXBuildFile; fileRef = 4E7990BA2A66445A002027D1 /* UserEntity.swift */; };
		4E7990C02A664481002027D1 /* TopicEntity.swift in Sources */ = {isa = PBXBuildFile; fileRef = 4E7990BF2A664481002027D1 /* TopicEntity.swift */; };
		4E7990C22A6644A8002027D1 /* TopicRepository.swift in Sources */ = {isa = PBXBuildFile; fileRef = 4E7990C12A6644A8002027D1 /* TopicRepository.swift */; };
		4E7990C62A6644C2002027D1 /* TopicService.swift in Sources */ = {isa = PBXBuildFile; fileRef = 4E7990C52A6644C2002027D1 /* TopicService.swift */; };
		4E7990C92A664569002027D1 /* QuestionEntity.swift in Sources */ = {isa = PBXBuildFile; fileRef = 4E7990C82A664569002027D1 /* QuestionEntity.swift */; };
		4E7990CC2A664586002027D1 /* QuestionRepository.swift in Sources */ = {isa = PBXBuildFile; fileRef = 4E7990CB2A664586002027D1 /* QuestionRepository.swift */; };
		4E7990CE2A664593002027D1 /* QuestionCoreDataAdapter.swift in Sources */ = {isa = PBXBuildFile; fileRef = 4E7990CD2A664593002027D1 /* QuestionCoreDataAdapter.swift */; };
		4E7990D12A6645A6002027D1 /* QuestionService.swift in Sources */ = {isa = PBXBuildFile; fileRef = 4E7990D02A6645A6002027D1 /* QuestionService.swift */; };
		4E7990D32A6645C3002027D1 /* UserViewModel.swift in Sources */ = {isa = PBXBuildFile; fileRef = 4E7990D22A6645C3002027D1 /* UserViewModel.swift */; };
		4E7990D62A6645D6002027D1 /* LoveLogEntity.swift in Sources */ = {isa = PBXBuildFile; fileRef = 4E7990D52A6645D6002027D1 /* LoveLogEntity.swift */; };
		4E7990D92A6645E6002027D1 /* LoveLogRepository.swift in Sources */ = {isa = PBXBuildFile; fileRef = 4E7990D82A6645E6002027D1 /* LoveLogRepository.swift */; };
		4E7990DB2A6645F1002027D1 /* LoveLogCoreDataAdapter.swift in Sources */ = {isa = PBXBuildFile; fileRef = 4E7990DA2A6645F1002027D1 /* LoveLogCoreDataAdapter.swift */; };
		4E7990DE2A664603002027D1 /* LoveLogService.swift in Sources */ = {isa = PBXBuildFile; fileRef = 4E7990DD2A664603002027D1 /* LoveLogService.swift */; };
		4E7990E02A66460D002027D1 /* TopicViewModel.swift in Sources */ = {isa = PBXBuildFile; fileRef = 4E7990DF2A66460D002027D1 /* TopicViewModel.swift */; };
		4E7990E22A664617002027D1 /* QuestionViewModel.swift in Sources */ = {isa = PBXBuildFile; fileRef = 4E7990E12A664617002027D1 /* QuestionViewModel.swift */; };
		4E7990E42A664625002027D1 /* LoveLogViewModel.swift in Sources */ = {isa = PBXBuildFile; fileRef = 4E7990E32A664625002027D1 /* LoveLogViewModel.swift */; };
		4E7990F02A66A1B9002027D1 /* Colors.swift in Sources */ = {isa = PBXBuildFile; fileRef = 4E7990EF2A66A1B9002027D1 /* Colors.swift */; };
		4E7990F22A66A1C0002027D1 /* Fonts.swift in Sources */ = {isa = PBXBuildFile; fileRef = 4E7990F12A66A1C0002027D1 /* Fonts.swift */; };
		4E7990F42A66A1CA002027D1 /* ButtonStyles.swift in Sources */ = {isa = PBXBuildFile; fileRef = 4E7990F32A66A1CA002027D1 /* ButtonStyles.swift */; };
		4E7990F62A66A28C002027D1 /* DashboardRoutes.swift in Sources */ = {isa = PBXBuildFile; fileRef = 4E7990F52A66A28C002027D1 /* DashboardRoutes.swift */; };
		4E7990FB2A66A333002027D1 /* UserPairingScreen.swift in Sources */ = {isa = PBXBuildFile; fileRef = 4E7990FA2A66A333002027D1 /* UserPairingScreen.swift */; };
		4E7990FD2A66A37E002027D1 /* GenderSelectorView.swift in Sources */ = {isa = PBXBuildFile; fileRef = 4E7990FC2A66A37E002027D1 /* GenderSelectorView.swift */; };
		4E7990FF2A66A3A0002027D1 /* UserOnboardingScreen.swift in Sources */ = {isa = PBXBuildFile; fileRef = 4E7990FE2A66A3A0002027D1 /* UserOnboardingScreen.swift */; };
		4E7991012A66A3E9002027D1 /* UserSetupScreen.swift in Sources */ = {isa = PBXBuildFile; fileRef = 4E7991002A66A3E9002027D1 /* UserSetupScreen.swift */; };
		4E7991032A66A404002027D1 /* UserPairingSuccessScreen.swift in Sources */ = {isa = PBXBuildFile; fileRef = 4E7991022A66A404002027D1 /* UserPairingSuccessScreen.swift */; };
		4E79910F2A66A569002027D1 /* JSONHandler.swift in Sources */ = {isa = PBXBuildFile; fileRef = 4E79910E2A66A569002027D1 /* JSONHandler.swift */; };
		4E7991112A66A5B2002027D1 /* SwipeDetection.swift in Sources */ = {isa = PBXBuildFile; fileRef = 4E7991102A66A5B2002027D1 /* SwipeDetection.swift */; };
		4E7991132A66A605002027D1 /* Collection+Extensions.swift in Sources */ = {isa = PBXBuildFile; fileRef = 4E7991122A66A605002027D1 /* Collection+Extensions.swift */; };
		4E8048A12A6FEA30005CF350 /* SenderQuestionScreen.swift in Sources */ = {isa = PBXBuildFile; fileRef = C98F81302A6F6B2600F62000 /* SenderQuestionScreen.swift */; };
		4E8048A22A6FEA51005CF350 /* AddQuestionMediaScreen.swift in Sources */ = {isa = PBXBuildFile; fileRef = C96355E82A6D048C00FA260D /* AddQuestionMediaScreen.swift */; };
		4E8048A32A6FEA5E005CF350 /* QuestionSessionOverviewScreen.swift in Sources */ = {isa = PBXBuildFile; fileRef = C96355EA2A6D11D600FA260D /* QuestionSessionOverviewScreen.swift */; };
		4E80D4272A70CB7C00383159 /* CircularBackgroundView.swift in Sources */ = {isa = PBXBuildFile; fileRef = 4E80D4262A70CB7C00383159 /* CircularBackgroundView.swift */; };
		4E80D4292A70CDAD00383159 /* InitialData.json in Resources */ = {isa = PBXBuildFile; fileRef = 4E80D4282A70CDAD00383159 /* InitialData.json */; };
		4E80D42C2A70F0EB00383159 /* GreetingView.swift in Sources */ = {isa = PBXBuildFile; fileRef = C97231662A6ED2CB00FD8302 /* GreetingView.swift */; };
		4E80D42E2A710FA000383159 /* LoadingView.swift in Sources */ = {isa = PBXBuildFile; fileRef = 4E80D42D2A710FA000383159 /* LoadingView.swift */; };
		4E80D4302A71136000383159 /* MultipeerData.swift in Sources */ = {isa = PBXBuildFile; fileRef = 4E80D42F2A71136000383159 /* MultipeerData.swift */; };
		4E819F582A6E474D00A12485 /* AddPhotoView.swift in Sources */ = {isa = PBXBuildFile; fileRef = 4E819F572A6E474D00A12485 /* AddPhotoView.swift */; };
		4E819F5B2A6E4C5500A12485 /* AVManager.swift in Sources */ = {isa = PBXBuildFile; fileRef = 4E819F5A2A6E4C5500A12485 /* AVManager.swift */; };
		4EAE9D2B2A68EEDA00A7B7E6 /* StatefulPreviewView.swift in Sources */ = {isa = PBXBuildFile; fileRef = 4EAE9D2A2A68EEDA00A7B7E6 /* StatefulPreviewView.swift */; };
		4EDF2ADA2A6805C1002E0645 /* ButtonView.swift in Sources */ = {isa = PBXBuildFile; fileRef = 4EDF2AD92A6805C1002E0645 /* ButtonView.swift */; };
		4EDF2ADC2A681933002E0645 /* LayoutView.swift in Sources */ = {isa = PBXBuildFile; fileRef = 4EDF2ADB2A681933002E0645 /* LayoutView.swift */; };
		4EE799632A683D2800675622 /* UnitConverter.swift in Sources */ = {isa = PBXBuildFile; fileRef = 4EE799622A683D2800675622 /* UnitConverter.swift */; };
		4EE799652A6842EB00675622 /* TextFieldView.swift in Sources */ = {isa = PBXBuildFile; fileRef = 4EE799642A6842EB00675622 /* TextFieldView.swift */; };
		4EF7695E2A5D1D6800F489DF /* Let_s_TalkApp.swift in Sources */ = {isa = PBXBuildFile; fileRef = 4EF7695D2A5D1D6800F489DF /* Let_s_TalkApp.swift */; };
		4EF769622A5D1D6800F489DF /* Assets.xcassets in Resources */ = {isa = PBXBuildFile; fileRef = 4EF769612A5D1D6800F489DF /* Assets.xcassets */; };
		4EF769652A5D1D6800F489DF /* Preview Assets.xcassets in Resources */ = {isa = PBXBuildFile; fileRef = 4EF769642A5D1D6800F489DF /* Preview Assets.xcassets */; };
		4EF769672A5D1D6800F489DF /* CoreDataConnection.swift in Sources */ = {isa = PBXBuildFile; fileRef = 4EF769662A5D1D6800F489DF /* CoreDataConnection.swift */; };
		4EF7696A2A5D1D6800F489DF /* Let_s_Talk.xcdatamodeld in Sources */ = {isa = PBXBuildFile; fileRef = 4EF769682A5D1D6800F489DF /* Let_s_Talk.xcdatamodeld */; };
		9B5BD56E2A6F7FE300FBB9C7 /* Spacing.swift in Sources */ = {isa = PBXBuildFile; fileRef = 9B5BD56D2A6F7FE300FBB9C7 /* Spacing.swift */; };
		9B5F9A652A6F9A9E0047574F /* ReceiverQuestionScreen.swift in Sources */ = {isa = PBXBuildFile; fileRef = 9B5F9A642A6F9A9E0047574F /* ReceiverQuestionScreen.swift */; };
		9B836CD72A6E9ED70075D450 /* TopicItemView.swift in Sources */ = {isa = PBXBuildFile; fileRef = 9B836CD62A6E9ED70075D450 /* TopicItemView.swift */; };
		9BAAA2762A67EEF400671179 /* AvatarView.swift in Sources */ = {isa = PBXBuildFile; fileRef = 9BAAA2752A67EEF400671179 /* AvatarView.swift */; };
		9BAAA2782A68E7DA00671179 /* TabBarView.swift in Sources */ = {isa = PBXBuildFile; fileRef = 9BAAA2772A68E7DA00671179 /* TabBarView.swift */; };
		9BAAA27A2A68E8A300671179 /* DashboardScreen.swift in Sources */ = {isa = PBXBuildFile; fileRef = 9BAAA2792A68E8A300671179 /* DashboardScreen.swift */; };
		9BAAA27C2A68E8CD00671179 /* LoveLogScreen.swift in Sources */ = {isa = PBXBuildFile; fileRef = 9BAAA27B2A68E8CD00671179 /* LoveLogScreen.swift */; };
		9BAAA2822A68F9F700671179 /* TopicIconView.swift in Sources */ = {isa = PBXBuildFile; fileRef = 9BAAA2812A68F9F700671179 /* TopicIconView.swift */; };
		9BAAA2862A69599900671179 /* TopicProgressView.swift in Sources */ = {isa = PBXBuildFile; fileRef = 9BAAA2852A69599900671179 /* TopicProgressView.swift */; };
		9BAAA28A2A6987E100671179 /* BarProgressStyle.swift in Sources */ = {isa = PBXBuildFile; fileRef = 9BAAA2892A6987E100671179 /* BarProgressStyle.swift */; };
		9BAAA2902A6A2E0100671179 /* RecordingTimeView.swift in Sources */ = {isa = PBXBuildFile; fileRef = 9BAAA28F2A6A2E0100671179 /* RecordingTimeView.swift */; };
		9BAAA2922A6D0D3000671179 /* QuestionCardView.swift in Sources */ = {isa = PBXBuildFile; fileRef = 9BAAA2912A6D0D3000671179 /* QuestionCardView.swift */; };
		9BAAA2962A6D140300671179 /* QuestionTextView.swift in Sources */ = {isa = PBXBuildFile; fileRef = 9BAAA2952A6D140300671179 /* QuestionTextView.swift */; };
		9BAAA2992A6E154800671179 /* MultipeerHandler.swift in Sources */ = {isa = PBXBuildFile; fileRef = 9BAAA2982A6E154800671179 /* MultipeerHandler.swift */; };
		9BAAA29E2A6E196000671179 /* PhoneModel.swift in Sources */ = {isa = PBXBuildFile; fileRef = 9BAAA29D2A6E196000671179 /* PhoneModel.swift */; };
		9BCA71572A6EC64700D37E2D /* coupleModel.swift in Sources */ = {isa = PBXBuildFile; fileRef = 9BCA71562A6EC64700D37E2D /* coupleModel.swift */; };
		C9073CA92A6FBF2F004A9B1E /* TopicCoreDataAdapter.swift in Sources */ = {isa = PBXBuildFile; fileRef = C97231642A6EC22600FD8302 /* TopicCoreDataAdapter.swift */; };
		C9073CAA2A6FBF87004A9B1E /* SubQuestionEntity.swift in Sources */ = {isa = PBXBuildFile; fileRef = C9E6D77D2A6FA1F700B59575 /* SubQuestionEntity.swift */; };
		C94650862A6837F700BEAC7A /* HeroView.swift in Sources */ = {isa = PBXBuildFile; fileRef = C94650852A6837F700BEAC7A /* HeroView.swift */; };
		C94650882A690BC600BEAC7A /* AppLogoView.swift in Sources */ = {isa = PBXBuildFile; fileRef = C94650872A690BC600BEAC7A /* AppLogoView.swift */; };
		C96355E32A6CEB2500FA260D /* WarmUpCorrectScreen.swift in Sources */ = {isa = PBXBuildFile; fileRef = C96355E22A6CEB2500FA260D /* WarmUpCorrectScreen.swift */; };
		C96355E72A6CF4C500FA260D /* TurnChangeAlertView.swift in Sources */ = {isa = PBXBuildFile; fileRef = C96355E62A6CF4C500FA260D /* TurnChangeAlertView.swift */; };
		C9AEC4AE2A72BAEC0067B23C /* LoveLogDetailScreen.swift in Sources */ = {isa = PBXBuildFile; fileRef = C9AEC4AD2A72BAEC0067B23C /* LoveLogDetailScreen.swift */; };
		C9EA52B62A718BB400B67C45 /* AnswerEntity.swift in Sources */ = {isa = PBXBuildFile; fileRef = C9EA52B52A718BB400B67C45 /* AnswerEntity.swift */; };
		C9EE06162A69283F00AD061B /* TalkTimeView.swift in Sources */ = {isa = PBXBuildFile; fileRef = C9EE06152A69283F00AD061B /* TalkTimeView.swift */; };
		C9EE06182A696DB500AD061B /* WarmUpCardView.swift in Sources */ = {isa = PBXBuildFile; fileRef = C9EE06172A696DB500AD061B /* WarmUpCardView.swift */; };
		C9EE061A2A69713D00AD061B /* WarmUpScreen.swift in Sources */ = {isa = PBXBuildFile; fileRef = C9EE06192A69713D00AD061B /* WarmUpScreen.swift */; };
		C9EE061C2A69F94D00AD061B /* WarmUpTimerView.swift in Sources */ = {isa = PBXBuildFile; fileRef = C9EE061B2A69F94D00AD061B /* WarmUpTimerView.swift */; };
		C9EE06462A6B512C00AD061B /* TopicExtension.swift in Sources */ = {isa = PBXBuildFile; fileRef = C9EE06452A6B512C00AD061B /* TopicExtension.swift */; };
		C9EE06482A6B51BD00AD061B /* QuestionExtension.swift in Sources */ = {isa = PBXBuildFile; fileRef = C9EE06472A6B51BD00AD061B /* QuestionExtension.swift */; };
		C9EE06622A6B57BD00AD061B /* LoveLogExtension.swift in Sources */ = {isa = PBXBuildFile; fileRef = C9EE06612A6B57BD00AD061B /* LoveLogExtension.swift */; };
		C9EE06642A6B581200AD061B /* UserExtension.swift in Sources */ = {isa = PBXBuildFile; fileRef = C9EE06632A6B581200AD061B /* UserExtension.swift */; };
		C9EE06712A6B83A500AD061B /* Topic+CoreDataClass.swift in Sources */ = {isa = PBXBuildFile; fileRef = C9EE06652A6B83A500AD061B /* Topic+CoreDataClass.swift */; };
		C9EE06722A6B83A500AD061B /* Topic+CoreDataProperties.swift in Sources */ = {isa = PBXBuildFile; fileRef = C9EE06662A6B83A500AD061B /* Topic+CoreDataProperties.swift */; };
		C9EE06732A6B83A500AD061B /* Answer+CoreDataClass.swift in Sources */ = {isa = PBXBuildFile; fileRef = C9EE06672A6B83A500AD061B /* Answer+CoreDataClass.swift */; };
		C9EE06742A6B83A500AD061B /* Answer+CoreDataProperties.swift in Sources */ = {isa = PBXBuildFile; fileRef = C9EE06682A6B83A500AD061B /* Answer+CoreDataProperties.swift */; };
		C9EE06752A6B83A500AD061B /* User+CoreDataClass.swift in Sources */ = {isa = PBXBuildFile; fileRef = C9EE06692A6B83A500AD061B /* User+CoreDataClass.swift */; };
		C9EE06762A6B83A500AD061B /* User+CoreDataProperties.swift in Sources */ = {isa = PBXBuildFile; fileRef = C9EE066A2A6B83A500AD061B /* User+CoreDataProperties.swift */; };
		C9EE06772A6B83A500AD061B /* LoveLog+CoreDataClass.swift in Sources */ = {isa = PBXBuildFile; fileRef = C9EE066B2A6B83A500AD061B /* LoveLog+CoreDataClass.swift */; };
		C9EE06782A6B83A500AD061B /* LoveLog+CoreDataProperties.swift in Sources */ = {isa = PBXBuildFile; fileRef = C9EE066C2A6B83A500AD061B /* LoveLog+CoreDataProperties.swift */; };
		C9EE06792A6B83A500AD061B /* Question+CoreDataClass.swift in Sources */ = {isa = PBXBuildFile; fileRef = C9EE066D2A6B83A500AD061B /* Question+CoreDataClass.swift */; };
		C9EE067A2A6B83A500AD061B /* Question+CoreDataProperties.swift in Sources */ = {isa = PBXBuildFile; fileRef = C9EE066E2A6B83A500AD061B /* Question+CoreDataProperties.swift */; };
		C9EE067B2A6B83A500AD061B /* SubQuestion+CoreDataClass.swift in Sources */ = {isa = PBXBuildFile; fileRef = C9EE066F2A6B83A500AD061B /* SubQuestion+CoreDataClass.swift */; };
		C9EE067C2A6B83A500AD061B /* SubQuestion+CoreDataProperties.swift in Sources */ = {isa = PBXBuildFile; fileRef = C9EE06702A6B83A500AD061B /* SubQuestion+CoreDataProperties.swift */; };
		C9EFFAFB2A70C44100D06775 /* CameraViewfinderView.swift in Sources */ = {isa = PBXBuildFile; fileRef = C9EFFAFA2A70C44100D06775 /* CameraViewfinderView.swift */; };
		C9EFFAFD2A70C50800D06775 /* CameraScreen.swift in Sources */ = {isa = PBXBuildFile; fileRef = C9EFFAFC2A70C50800D06775 /* CameraScreen.swift */; };
		C9EFFB012A70C63A00D06775 /* Camera.swift in Sources */ = {isa = PBXBuildFile; fileRef = C9EFFB002A70C63A00D06775 /* Camera.swift */; };
		F53960E72A6D1214005211F4 /* TopicListView.swift in Sources */ = {isa = PBXBuildFile; fileRef = F53960E62A6D1214005211F4 /* TopicListView.swift */; };
		F555A5782A72C9CC009F6269 /* MonthViewCalendar.swift in Sources */ = {isa = PBXBuildFile; fileRef = F555A5772A72C9CC009F6269 /* MonthViewCalendar.swift */; };
		F555A57A2A736C86009F6269 /* YearViewCalendar.swift in Sources */ = {isa = PBXBuildFile; fileRef = F555A5792A736C86009F6269 /* YearViewCalendar.swift */; };
		F59A2B522A70C9C6000F85DB /* UserDisconectedScreen.swift in Sources */ = {isa = PBXBuildFile; fileRef = F59A2B512A70C9C6000F85DB /* UserDisconectedScreen.swift */; };
/* End PBXBuildFile section */

/* Begin PBXFileReference section */
		4E1A55542A6A29720056951B /* LoveLogRoutes.swift */ = {isa = PBXFileReference; lastKnownFileType = sourcecode.swift; path = LoveLogRoutes.swift; sourceTree = "<group>"; };
		4E1A55562A6A37660056951B /* SubQuestionTextView.swift */ = {isa = PBXFileReference; lastKnownFileType = sourcecode.swift; path = SubQuestionTextView.swift; sourceTree = "<group>"; };
		4E1A55582A6ACCD30056951B /* PairItemView.swift */ = {isa = PBXFileReference; lastKnownFileType = sourcecode.swift; path = PairItemView.swift; sourceTree = "<group>"; };
		4E1A555A2A6AD6460056951B /* PairListView.swift */ = {isa = PBXFileReference; lastKnownFileType = sourcecode.swift; path = PairListView.swift; sourceTree = "<group>"; };
		4E1A555C2A6ADD220056951B /* View+Extensions.swift */ = {isa = PBXFileReference; lastKnownFileType = sourcecode.swift; path = "View+Extensions.swift"; sourceTree = "<group>"; };
		4E435B292A6C2C8400602281 /* SignedInteger+Extensions.swift */ = {isa = PBXFileReference; lastKnownFileType = sourcecode.swift; path = "SignedInteger+Extensions.swift"; sourceTree = "<group>"; };
		4E435B2B2A6C2F1D00602281 /* WarmUpUserAnswerView.swift */ = {isa = PBXFileReference; lastKnownFileType = sourcecode.swift; path = WarmUpUserAnswerView.swift; sourceTree = "<group>"; };
		4E7990B42A6643FF002027D1 /* UserService.swift */ = {isa = PBXFileReference; lastKnownFileType = sourcecode.swift; path = UserService.swift; sourceTree = "<group>"; };
		4E7990B62A664414002027D1 /* UserRepository.swift */ = {isa = PBXFileReference; lastKnownFileType = sourcecode.swift; path = UserRepository.swift; sourceTree = "<group>"; };
		4E7990B82A66443B002027D1 /* UserCoreDataAdapter.swift */ = {isa = PBXFileReference; lastKnownFileType = sourcecode.swift; path = UserCoreDataAdapter.swift; sourceTree = "<group>"; };
		4E7990BA2A66445A002027D1 /* UserEntity.swift */ = {isa = PBXFileReference; lastKnownFileType = sourcecode.swift; path = UserEntity.swift; sourceTree = "<group>"; };
		4E7990BF2A664481002027D1 /* TopicEntity.swift */ = {isa = PBXFileReference; lastKnownFileType = sourcecode.swift; path = TopicEntity.swift; sourceTree = "<group>"; };
		4E7990C12A6644A8002027D1 /* TopicRepository.swift */ = {isa = PBXFileReference; lastKnownFileType = sourcecode.swift; path = TopicRepository.swift; sourceTree = "<group>"; };
		4E7990C52A6644C2002027D1 /* TopicService.swift */ = {isa = PBXFileReference; lastKnownFileType = sourcecode.swift; path = TopicService.swift; sourceTree = "<group>"; };
		4E7990C82A664569002027D1 /* QuestionEntity.swift */ = {isa = PBXFileReference; lastKnownFileType = sourcecode.swift; path = QuestionEntity.swift; sourceTree = "<group>"; };
		4E7990CB2A664586002027D1 /* QuestionRepository.swift */ = {isa = PBXFileReference; lastKnownFileType = sourcecode.swift; path = QuestionRepository.swift; sourceTree = "<group>"; };
		4E7990CD2A664593002027D1 /* QuestionCoreDataAdapter.swift */ = {isa = PBXFileReference; lastKnownFileType = sourcecode.swift; path = QuestionCoreDataAdapter.swift; sourceTree = "<group>"; };
		4E7990D02A6645A6002027D1 /* QuestionService.swift */ = {isa = PBXFileReference; lastKnownFileType = sourcecode.swift; path = QuestionService.swift; sourceTree = "<group>"; };
		4E7990D22A6645C3002027D1 /* UserViewModel.swift */ = {isa = PBXFileReference; lastKnownFileType = sourcecode.swift; path = UserViewModel.swift; sourceTree = "<group>"; };
		4E7990D52A6645D6002027D1 /* LoveLogEntity.swift */ = {isa = PBXFileReference; lastKnownFileType = sourcecode.swift; path = LoveLogEntity.swift; sourceTree = "<group>"; };
		4E7990D82A6645E6002027D1 /* LoveLogRepository.swift */ = {isa = PBXFileReference; lastKnownFileType = sourcecode.swift; path = LoveLogRepository.swift; sourceTree = "<group>"; };
		4E7990DA2A6645F1002027D1 /* LoveLogCoreDataAdapter.swift */ = {isa = PBXFileReference; lastKnownFileType = sourcecode.swift; path = LoveLogCoreDataAdapter.swift; sourceTree = "<group>"; };
		4E7990DD2A664603002027D1 /* LoveLogService.swift */ = {isa = PBXFileReference; lastKnownFileType = sourcecode.swift; path = LoveLogService.swift; sourceTree = "<group>"; };
		4E7990DF2A66460D002027D1 /* TopicViewModel.swift */ = {isa = PBXFileReference; lastKnownFileType = sourcecode.swift; path = TopicViewModel.swift; sourceTree = "<group>"; };
		4E7990E12A664617002027D1 /* QuestionViewModel.swift */ = {isa = PBXFileReference; lastKnownFileType = sourcecode.swift; path = QuestionViewModel.swift; sourceTree = "<group>"; };
		4E7990E32A664625002027D1 /* LoveLogViewModel.swift */ = {isa = PBXFileReference; lastKnownFileType = sourcecode.swift; path = LoveLogViewModel.swift; sourceTree = "<group>"; };
		4E7990EF2A66A1B9002027D1 /* Colors.swift */ = {isa = PBXFileReference; lastKnownFileType = sourcecode.swift; path = Colors.swift; sourceTree = "<group>"; };
		4E7990F12A66A1C0002027D1 /* Fonts.swift */ = {isa = PBXFileReference; lastKnownFileType = sourcecode.swift; path = Fonts.swift; sourceTree = "<group>"; };
		4E7990F32A66A1CA002027D1 /* ButtonStyles.swift */ = {isa = PBXFileReference; lastKnownFileType = sourcecode.swift; path = ButtonStyles.swift; sourceTree = "<group>"; };
		4E7990F52A66A28C002027D1 /* DashboardRoutes.swift */ = {isa = PBXFileReference; lastKnownFileType = sourcecode.swift; path = DashboardRoutes.swift; sourceTree = "<group>"; };
		4E7990FA2A66A333002027D1 /* UserPairingScreen.swift */ = {isa = PBXFileReference; lastKnownFileType = sourcecode.swift; path = UserPairingScreen.swift; sourceTree = "<group>"; };
		4E7990FC2A66A37E002027D1 /* GenderSelectorView.swift */ = {isa = PBXFileReference; lastKnownFileType = sourcecode.swift; path = GenderSelectorView.swift; sourceTree = "<group>"; };
		4E7990FE2A66A3A0002027D1 /* UserOnboardingScreen.swift */ = {isa = PBXFileReference; lastKnownFileType = sourcecode.swift; path = UserOnboardingScreen.swift; sourceTree = "<group>"; };
		4E7991002A66A3E9002027D1 /* UserSetupScreen.swift */ = {isa = PBXFileReference; lastKnownFileType = sourcecode.swift; path = UserSetupScreen.swift; sourceTree = "<group>"; };
		4E7991022A66A404002027D1 /* UserPairingSuccessScreen.swift */ = {isa = PBXFileReference; lastKnownFileType = sourcecode.swift; path = UserPairingSuccessScreen.swift; sourceTree = "<group>"; };
		4E79910E2A66A569002027D1 /* JSONHandler.swift */ = {isa = PBXFileReference; lastKnownFileType = sourcecode.swift; path = JSONHandler.swift; sourceTree = "<group>"; };
		4E7991102A66A5B2002027D1 /* SwipeDetection.swift */ = {isa = PBXFileReference; lastKnownFileType = sourcecode.swift; path = SwipeDetection.swift; sourceTree = "<group>"; };
		4E7991122A66A605002027D1 /* Collection+Extensions.swift */ = {isa = PBXFileReference; lastKnownFileType = sourcecode.swift; path = "Collection+Extensions.swift"; sourceTree = "<group>"; };
		4E80D4262A70CB7C00383159 /* CircularBackgroundView.swift */ = {isa = PBXFileReference; lastKnownFileType = sourcecode.swift; path = CircularBackgroundView.swift; sourceTree = "<group>"; };
		4E80D4282A70CDAD00383159 /* InitialData.json */ = {isa = PBXFileReference; fileEncoding = 4; lastKnownFileType = text.json; path = InitialData.json; sourceTree = "<group>"; };
		4E80D42D2A710FA000383159 /* LoadingView.swift */ = {isa = PBXFileReference; lastKnownFileType = sourcecode.swift; path = LoadingView.swift; sourceTree = "<group>"; };
		4E80D42F2A71136000383159 /* MultipeerData.swift */ = {isa = PBXFileReference; lastKnownFileType = sourcecode.swift; path = MultipeerData.swift; sourceTree = "<group>"; };
		4E819F572A6E474D00A12485 /* AddPhotoView.swift */ = {isa = PBXFileReference; lastKnownFileType = sourcecode.swift; path = AddPhotoView.swift; sourceTree = "<group>"; };
		4E819F5A2A6E4C5500A12485 /* AVManager.swift */ = {isa = PBXFileReference; lastKnownFileType = sourcecode.swift; path = AVManager.swift; sourceTree = "<group>"; };
		4E9C886A2A72BE100057109D /* Let-s-Talk-Info.plist */ = {isa = PBXFileReference; lastKnownFileType = text.plist; path = "Let-s-Talk-Info.plist"; sourceTree = SOURCE_ROOT; };
		4EAE9D2A2A68EEDA00A7B7E6 /* StatefulPreviewView.swift */ = {isa = PBXFileReference; lastKnownFileType = sourcecode.swift; path = StatefulPreviewView.swift; sourceTree = "<group>"; };
		4EDF2AD92A6805C1002E0645 /* ButtonView.swift */ = {isa = PBXFileReference; lastKnownFileType = sourcecode.swift; path = ButtonView.swift; sourceTree = "<group>"; };
		4EDF2ADB2A681933002E0645 /* LayoutView.swift */ = {isa = PBXFileReference; lastKnownFileType = sourcecode.swift; path = LayoutView.swift; sourceTree = "<group>"; };
		4EE799622A683D2800675622 /* UnitConverter.swift */ = {isa = PBXFileReference; lastKnownFileType = sourcecode.swift; path = UnitConverter.swift; sourceTree = "<group>"; };
		4EE799642A6842EB00675622 /* TextFieldView.swift */ = {isa = PBXFileReference; lastKnownFileType = sourcecode.swift; path = TextFieldView.swift; sourceTree = "<group>"; };
		4EF7695A2A5D1D6800F489DF /* Let's Talk.app */ = {isa = PBXFileReference; explicitFileType = wrapper.application; includeInIndex = 0; path = "Let's Talk.app"; sourceTree = BUILT_PRODUCTS_DIR; };
		4EF7695D2A5D1D6800F489DF /* Let_s_TalkApp.swift */ = {isa = PBXFileReference; lastKnownFileType = sourcecode.swift; path = Let_s_TalkApp.swift; sourceTree = "<group>"; };
		4EF769612A5D1D6800F489DF /* Assets.xcassets */ = {isa = PBXFileReference; lastKnownFileType = folder.assetcatalog; path = Assets.xcassets; sourceTree = "<group>"; };
		4EF769642A5D1D6800F489DF /* Preview Assets.xcassets */ = {isa = PBXFileReference; lastKnownFileType = folder.assetcatalog; path = "Preview Assets.xcassets"; sourceTree = "<group>"; };
		4EF769662A5D1D6800F489DF /* CoreDataConnection.swift */ = {isa = PBXFileReference; lastKnownFileType = sourcecode.swift; path = CoreDataConnection.swift; sourceTree = "<group>"; };
		4EF769692A5D1D6800F489DF /* Let_s_Talk.xcdatamodel */ = {isa = PBXFileReference; lastKnownFileType = wrapper.xcdatamodel; path = Let_s_Talk.xcdatamodel; sourceTree = "<group>"; };
		4EF769702A5D1DB100F489DF /* README.md */ = {isa = PBXFileReference; lastKnownFileType = net.daringfireball.markdown; path = README.md; sourceTree = "<group>"; };
		9B5BD56D2A6F7FE300FBB9C7 /* Spacing.swift */ = {isa = PBXFileReference; lastKnownFileType = sourcecode.swift; path = Spacing.swift; sourceTree = "<group>"; };
		9B5F9A642A6F9A9E0047574F /* ReceiverQuestionScreen.swift */ = {isa = PBXFileReference; lastKnownFileType = sourcecode.swift; path = ReceiverQuestionScreen.swift; sourceTree = "<group>"; };
		9B836CD62A6E9ED70075D450 /* TopicItemView.swift */ = {isa = PBXFileReference; lastKnownFileType = sourcecode.swift; name = TopicItemView.swift; path = "Let's Talk/Infrastructure/Multipeer/Model/TopicItemView.swift"; sourceTree = SOURCE_ROOT; };
		9BAAA2752A67EEF400671179 /* AvatarView.swift */ = {isa = PBXFileReference; lastKnownFileType = sourcecode.swift; path = AvatarView.swift; sourceTree = "<group>"; };
		9BAAA2772A68E7DA00671179 /* TabBarView.swift */ = {isa = PBXFileReference; lastKnownFileType = sourcecode.swift; path = TabBarView.swift; sourceTree = "<group>"; };
		9BAAA2792A68E8A300671179 /* DashboardScreen.swift */ = {isa = PBXFileReference; lastKnownFileType = sourcecode.swift; path = DashboardScreen.swift; sourceTree = "<group>"; };
		9BAAA27B2A68E8CD00671179 /* LoveLogScreen.swift */ = {isa = PBXFileReference; lastKnownFileType = sourcecode.swift; path = LoveLogScreen.swift; sourceTree = "<group>"; };
		9BAAA2812A68F9F700671179 /* TopicIconView.swift */ = {isa = PBXFileReference; lastKnownFileType = sourcecode.swift; name = TopicIconView.swift; path = "Let's Talk/Application/Screens/LoveLog/TopicIconView.swift"; sourceTree = SOURCE_ROOT; };
		9BAAA2852A69599900671179 /* TopicProgressView.swift */ = {isa = PBXFileReference; lastKnownFileType = sourcecode.swift; name = TopicProgressView.swift; path = "Let's Talk/Application/Screens/LoveLog/TopicProgressView.swift"; sourceTree = SOURCE_ROOT; };
		9BAAA2892A6987E100671179 /* BarProgressStyle.swift */ = {isa = PBXFileReference; lastKnownFileType = sourcecode.swift; path = BarProgressStyle.swift; sourceTree = "<group>"; };
		9BAAA28D2A6A26B200671179 /* QuestionTextView.swift */ = {isa = PBXFileReference; lastKnownFileType = sourcecode.swift; name = QuestionTextView.swift; path = "../../../../../../../../.Trash/lets-talk 09.28.25/Let's Talk/Application/Screens/Question/Views/QuestionTextView.swift"; sourceTree = "<group>"; };
		9BAAA28F2A6A2E0100671179 /* RecordingTimeView.swift */ = {isa = PBXFileReference; lastKnownFileType = sourcecode.swift; path = RecordingTimeView.swift; sourceTree = "<group>"; };
		9BAAA2912A6D0D3000671179 /* QuestionCardView.swift */ = {isa = PBXFileReference; lastKnownFileType = sourcecode.swift; path = QuestionCardView.swift; sourceTree = "<group>"; };
		9BAAA2952A6D140300671179 /* QuestionTextView.swift */ = {isa = PBXFileReference; lastKnownFileType = sourcecode.swift; path = QuestionTextView.swift; sourceTree = "<group>"; };
		9BAAA2982A6E154800671179 /* MultipeerHandler.swift */ = {isa = PBXFileReference; lastKnownFileType = sourcecode.swift; path = MultipeerHandler.swift; sourceTree = "<group>"; };
		9BAAA29D2A6E196000671179 /* PhoneModel.swift */ = {isa = PBXFileReference; lastKnownFileType = sourcecode.swift; path = PhoneModel.swift; sourceTree = "<group>"; };
		9BCA71562A6EC64700D37E2D /* coupleModel.swift */ = {isa = PBXFileReference; lastKnownFileType = sourcecode.swift; path = coupleModel.swift; sourceTree = "<group>"; };
		C94650852A6837F700BEAC7A /* HeroView.swift */ = {isa = PBXFileReference; lastKnownFileType = sourcecode.swift; path = HeroView.swift; sourceTree = "<group>"; };
		C94650872A690BC600BEAC7A /* AppLogoView.swift */ = {isa = PBXFileReference; lastKnownFileType = sourcecode.swift; path = AppLogoView.swift; sourceTree = "<group>"; };
		C96355E22A6CEB2500FA260D /* WarmUpCorrectScreen.swift */ = {isa = PBXFileReference; lastKnownFileType = sourcecode.swift; path = WarmUpCorrectScreen.swift; sourceTree = "<group>"; };
		C96355E62A6CF4C500FA260D /* TurnChangeAlertView.swift */ = {isa = PBXFileReference; lastKnownFileType = sourcecode.swift; path = TurnChangeAlertView.swift; sourceTree = "<group>"; };
		C96355E82A6D048C00FA260D /* AddQuestionMediaScreen.swift */ = {isa = PBXFileReference; lastKnownFileType = sourcecode.swift; path = AddQuestionMediaScreen.swift; sourceTree = "<group>"; };
		C96355EA2A6D11D600FA260D /* QuestionSessionOverviewScreen.swift */ = {isa = PBXFileReference; lastKnownFileType = sourcecode.swift; path = QuestionSessionOverviewScreen.swift; sourceTree = "<group>"; };
		C97231642A6EC22600FD8302 /* TopicCoreDataAdapter.swift */ = {isa = PBXFileReference; lastKnownFileType = sourcecode.swift; path = TopicCoreDataAdapter.swift; sourceTree = "<group>"; };
		C97231662A6ED2CB00FD8302 /* GreetingView.swift */ = {isa = PBXFileReference; lastKnownFileType = sourcecode.swift; name = GreetingView.swift; path = "Let's Talk/Domains/Topic/Repositories/GreetingView.swift"; sourceTree = SOURCE_ROOT; };
		C98F81302A6F6B2600F62000 /* SenderQuestionScreen.swift */ = {isa = PBXFileReference; lastKnownFileType = sourcecode.swift; path = SenderQuestionScreen.swift; sourceTree = "<group>"; };
		C9AEC4AD2A72BAEC0067B23C /* LoveLogDetailScreen.swift */ = {isa = PBXFileReference; lastKnownFileType = sourcecode.swift; path = LoveLogDetailScreen.swift; sourceTree = "<group>"; };
		C9E6D77D2A6FA1F700B59575 /* SubQuestionEntity.swift */ = {isa = PBXFileReference; lastKnownFileType = sourcecode.swift; path = SubQuestionEntity.swift; sourceTree = "<group>"; };
		C9EA52B52A718BB400B67C45 /* AnswerEntity.swift */ = {isa = PBXFileReference; lastKnownFileType = sourcecode.swift; path = AnswerEntity.swift; sourceTree = "<group>"; };
		C9EE06152A69283F00AD061B /* TalkTimeView.swift */ = {isa = PBXFileReference; lastKnownFileType = sourcecode.swift; path = TalkTimeView.swift; sourceTree = "<group>"; };
		C9EE06172A696DB500AD061B /* WarmUpCardView.swift */ = {isa = PBXFileReference; lastKnownFileType = sourcecode.swift; path = WarmUpCardView.swift; sourceTree = "<group>"; };
		C9EE06192A69713D00AD061B /* WarmUpScreen.swift */ = {isa = PBXFileReference; lastKnownFileType = sourcecode.swift; path = WarmUpScreen.swift; sourceTree = "<group>"; };
		C9EE061B2A69F94D00AD061B /* WarmUpTimerView.swift */ = {isa = PBXFileReference; lastKnownFileType = sourcecode.swift; name = WarmUpTimerView.swift; path = "Let's Talk/Application/Screens/Topic/WarmUpTimerView.swift"; sourceTree = SOURCE_ROOT; };
		C9EE06452A6B512C00AD061B /* TopicExtension.swift */ = {isa = PBXFileReference; lastKnownFileType = sourcecode.swift; path = TopicExtension.swift; sourceTree = "<group>"; };
		C9EE06472A6B51BD00AD061B /* QuestionExtension.swift */ = {isa = PBXFileReference; lastKnownFileType = sourcecode.swift; path = QuestionExtension.swift; sourceTree = "<group>"; };
		C9EE06612A6B57BD00AD061B /* LoveLogExtension.swift */ = {isa = PBXFileReference; lastKnownFileType = sourcecode.swift; path = LoveLogExtension.swift; sourceTree = "<group>"; };
		C9EE06632A6B581200AD061B /* UserExtension.swift */ = {isa = PBXFileReference; lastKnownFileType = sourcecode.swift; path = UserExtension.swift; sourceTree = "<group>"; };
		C9EE06652A6B83A500AD061B /* Topic+CoreDataClass.swift */ = {isa = PBXFileReference; lastKnownFileType = sourcecode.swift; path = "Topic+CoreDataClass.swift"; sourceTree = "<group>"; };
		C9EE06662A6B83A500AD061B /* Topic+CoreDataProperties.swift */ = {isa = PBXFileReference; lastKnownFileType = sourcecode.swift; path = "Topic+CoreDataProperties.swift"; sourceTree = "<group>"; };
		C9EE06672A6B83A500AD061B /* Answer+CoreDataClass.swift */ = {isa = PBXFileReference; lastKnownFileType = sourcecode.swift; path = "Answer+CoreDataClass.swift"; sourceTree = "<group>"; };
		C9EE06682A6B83A500AD061B /* Answer+CoreDataProperties.swift */ = {isa = PBXFileReference; lastKnownFileType = sourcecode.swift; path = "Answer+CoreDataProperties.swift"; sourceTree = "<group>"; };
		C9EE06692A6B83A500AD061B /* User+CoreDataClass.swift */ = {isa = PBXFileReference; lastKnownFileType = sourcecode.swift; path = "User+CoreDataClass.swift"; sourceTree = "<group>"; };
		C9EE066A2A6B83A500AD061B /* User+CoreDataProperties.swift */ = {isa = PBXFileReference; lastKnownFileType = sourcecode.swift; path = "User+CoreDataProperties.swift"; sourceTree = "<group>"; };
		C9EE066B2A6B83A500AD061B /* LoveLog+CoreDataClass.swift */ = {isa = PBXFileReference; lastKnownFileType = sourcecode.swift; path = "LoveLog+CoreDataClass.swift"; sourceTree = "<group>"; };
		C9EE066C2A6B83A500AD061B /* LoveLog+CoreDataProperties.swift */ = {isa = PBXFileReference; lastKnownFileType = sourcecode.swift; path = "LoveLog+CoreDataProperties.swift"; sourceTree = "<group>"; };
		C9EE066D2A6B83A500AD061B /* Question+CoreDataClass.swift */ = {isa = PBXFileReference; lastKnownFileType = sourcecode.swift; path = "Question+CoreDataClass.swift"; sourceTree = "<group>"; };
		C9EE066E2A6B83A500AD061B /* Question+CoreDataProperties.swift */ = {isa = PBXFileReference; lastKnownFileType = sourcecode.swift; path = "Question+CoreDataProperties.swift"; sourceTree = "<group>"; };
		C9EE066F2A6B83A500AD061B /* SubQuestion+CoreDataClass.swift */ = {isa = PBXFileReference; lastKnownFileType = sourcecode.swift; path = "SubQuestion+CoreDataClass.swift"; sourceTree = "<group>"; };
		C9EE06702A6B83A500AD061B /* SubQuestion+CoreDataProperties.swift */ = {isa = PBXFileReference; lastKnownFileType = sourcecode.swift; path = "SubQuestion+CoreDataProperties.swift"; sourceTree = "<group>"; };
		C9EFFAFA2A70C44100D06775 /* CameraViewfinderView.swift */ = {isa = PBXFileReference; fileEncoding = 4; lastKnownFileType = sourcecode.swift; path = CameraViewfinderView.swift; sourceTree = "<group>"; };
		C9EFFAFC2A70C50800D06775 /* CameraScreen.swift */ = {isa = PBXFileReference; lastKnownFileType = sourcecode.swift; path = CameraScreen.swift; sourceTree = "<group>"; };
		C9EFFB002A70C63A00D06775 /* Camera.swift */ = {isa = PBXFileReference; fileEncoding = 4; lastKnownFileType = sourcecode.swift; path = Camera.swift; sourceTree = "<group>"; };
		F53960E62A6D1214005211F4 /* TopicListView.swift */ = {isa = PBXFileReference; lastKnownFileType = sourcecode.swift; name = TopicListView.swift; path = "Let's Talk/TopicListView.swift"; sourceTree = SOURCE_ROOT; };
		F555A5772A72C9CC009F6269 /* MonthViewCalendar.swift */ = {isa = PBXFileReference; lastKnownFileType = sourcecode.swift; name = MonthViewCalendar.swift; path = "Let's Talk/Application/Screens/User/MonthViewCalendar.swift"; sourceTree = SOURCE_ROOT; };
		F555A5792A736C86009F6269 /* YearViewCalendar.swift */ = {isa = PBXFileReference; lastKnownFileType = sourcecode.swift; name = YearViewCalendar.swift; path = "Let's Talk/Application/Screens/User/YearViewCalendar.swift"; sourceTree = SOURCE_ROOT; };
		F59A2B512A70C9C6000F85DB /* UserDisconectedScreen.swift */ = {isa = PBXFileReference; lastKnownFileType = sourcecode.swift; path = UserDisconectedScreen.swift; sourceTree = "<group>"; };
/* End PBXFileReference section */

/* Begin PBXFrameworksBuildPhase section */
		4EF769572A5D1D6800F489DF /* Frameworks */ = {
			isa = PBXFrameworksBuildPhase;
			buildActionMask = 2147483647;
			files = (
			);
			runOnlyForDeploymentPostprocessing = 0;
		};
/* End PBXFrameworksBuildPhase section */

/* Begin PBXGroup section */
		4E7990AA2A6641E0002027D1 /* Domains */ = {
			isa = PBXGroup;
			children = (
				4E7990B02A6643BC002027D1 /* LoveLog */,
				4E7990AF2A664369002027D1 /* Question */,
				4E7990AE2A664287002027D1 /* Topic */,
				4E7990AD2A664236002027D1 /* User */,
			);
			path = Domains;
			sourceTree = "<group>";
		};
		4E7990AD2A664236002027D1 /* User */ = {
			isa = PBXGroup;
			children = (
				4E7990B32A6643E1002027D1 /* Services */,
				4E7990B22A6643D7002027D1 /* Repositories */,
				4E7990B12A6643D1002027D1 /* Entities */,
			);
			path = User;
			sourceTree = "<group>";
		};
		4E7990AE2A664287002027D1 /* Topic */ = {
			isa = PBXGroup;
			children = (
				4E7990BE2A664473002027D1 /* Entities */,
				4E7990BD2A66446B002027D1 /* Repositories */,
				4E7990BC2A664464002027D1 /* Services */,
			);
			path = Topic;
			sourceTree = "<group>";
		};
		4E7990AF2A664369002027D1 /* Question */ = {
			isa = PBXGroup;
			children = (
				4E7990CF2A664598002027D1 /* Services */,
				4E7990CA2A66456D002027D1 /* Repositories */,
				4E7990C72A664560002027D1 /* Entities */,
			);
			path = Question;
			sourceTree = "<group>";
		};
		4E7990B02A6643BC002027D1 /* LoveLog */ = {
			isa = PBXGroup;
			children = (
				4E7990DC2A6645F8002027D1 /* Services */,
				4E7990D72A6645DA002027D1 /* Repositories */,
				4E7990D42A6645CB002027D1 /* Entities */,
			);
			path = LoveLog;
			sourceTree = "<group>";
		};
		4E7990B12A6643D1002027D1 /* Entities */ = {
			isa = PBXGroup;
			children = (
				4E7990BA2A66445A002027D1 /* UserEntity.swift */,
			);
			path = Entities;
			sourceTree = "<group>";
		};
		4E7990B22A6643D7002027D1 /* Repositories */ = {
			isa = PBXGroup;
			children = (
				4E7990B62A664414002027D1 /* UserRepository.swift */,
				4E7990B82A66443B002027D1 /* UserCoreDataAdapter.swift */,
			);
			path = Repositories;
			sourceTree = "<group>";
		};
		4E7990B32A6643E1002027D1 /* Services */ = {
			isa = PBXGroup;
			children = (
				4E7990B42A6643FF002027D1 /* UserService.swift */,
			);
			path = Services;
			sourceTree = "<group>";
		};
		4E7990BC2A664464002027D1 /* Services */ = {
			isa = PBXGroup;
			children = (
				4E7990C52A6644C2002027D1 /* TopicService.swift */,
			);
			path = Services;
			sourceTree = "<group>";
		};
		4E7990BD2A66446B002027D1 /* Repositories */ = {
			isa = PBXGroup;
			children = (
				4E7990C12A6644A8002027D1 /* TopicRepository.swift */,
				C97231642A6EC22600FD8302 /* TopicCoreDataAdapter.swift */,
			);
			path = Repositories;
			sourceTree = "<group>";
		};
		4E7990BE2A664473002027D1 /* Entities */ = {
			isa = PBXGroup;
			children = (
				4E7990BF2A664481002027D1 /* TopicEntity.swift */,
			);
			path = Entities;
			sourceTree = "<group>";
		};
		4E7990C72A664560002027D1 /* Entities */ = {
			isa = PBXGroup;
			children = (
				4E7990C82A664569002027D1 /* QuestionEntity.swift */,
				C9E6D77D2A6FA1F700B59575 /* SubQuestionEntity.swift */,
				C9EA52B52A718BB400B67C45 /* AnswerEntity.swift */,
			);
			path = Entities;
			sourceTree = "<group>";
		};
		4E7990CA2A66456D002027D1 /* Repositories */ = {
			isa = PBXGroup;
			children = (
				4E7990CB2A664586002027D1 /* QuestionRepository.swift */,
				4E7990CD2A664593002027D1 /* QuestionCoreDataAdapter.swift */,
			);
			path = Repositories;
			sourceTree = "<group>";
		};
		4E7990CF2A664598002027D1 /* Services */ = {
			isa = PBXGroup;
			children = (
				4E7990D02A6645A6002027D1 /* QuestionService.swift */,
			);
			path = Services;
			sourceTree = "<group>";
		};
		4E7990D42A6645CB002027D1 /* Entities */ = {
			isa = PBXGroup;
			children = (
				4E7990D52A6645D6002027D1 /* LoveLogEntity.swift */,
			);
			path = Entities;
			sourceTree = "<group>";
		};
		4E7990D72A6645DA002027D1 /* Repositories */ = {
			isa = PBXGroup;
			children = (
				4E7990D82A6645E6002027D1 /* LoveLogRepository.swift */,
				4E7990DA2A6645F1002027D1 /* LoveLogCoreDataAdapter.swift */,
			);
			path = Repositories;
			sourceTree = "<group>";
		};
		4E7990DC2A6645F8002027D1 /* Services */ = {
			isa = PBXGroup;
			children = (
				4E7990DD2A664603002027D1 /* LoveLogService.swift */,
			);
			path = Services;
			sourceTree = "<group>";
		};
		4E7990E52A664724002027D1 /* Application */ = {
			isa = PBXGroup;
			children = (
				4E7990ED2A666951002027D1 /* Screens */,
				4E7990EC2A664993002027D1 /* Extensions */,
				4E7990EB2A66498D002027D1 /* Styles */,
				4E7990E72A66473E002027D1 /* Routes */,
				4E7990E62A66472F002027D1 /* Views */,
			);
			path = Application;
			sourceTree = "<group>";
		};
		4E7990E62A66472F002027D1 /* Views */ = {
			isa = PBXGroup;
			children = (
				4EDF2AD92A6805C1002E0645 /* ButtonView.swift */,
				4EDF2ADB2A681933002E0645 /* LayoutView.swift */,
				4EE799642A6842EB00675622 /* TextFieldView.swift */,
				9BAAA2772A68E7DA00671179 /* TabBarView.swift */,
				4EAE9D2A2A68EEDA00A7B7E6 /* StatefulPreviewView.swift */,
				4E80D42D2A710FA000383159 /* LoadingView.swift */,
			);
			path = Views;
			sourceTree = "<group>";
		};
		4E7990E72A66473E002027D1 /* Routes */ = {
			isa = PBXGroup;
			children = (
				4E7990F52A66A28C002027D1 /* DashboardRoutes.swift */,
				4E1A55542A6A29720056951B /* LoveLogRoutes.swift */,
			);
			path = Routes;
			sourceTree = "<group>";
		};
		4E7990E82A664821002027D1 /* Assets */ = {
			isa = PBXGroup;
			children = (
				4EF769612A5D1D6800F489DF /* Assets.xcassets */,
			);
			path = Assets;
			sourceTree = "<group>";
		};
		4E7990E92A664861002027D1 /* CoreData */ = {
			isa = PBXGroup;
			children = (
				4E80D4282A70CDAD00383159 /* InitialData.json */,
				C9EE06442A6B4CF900AD061B /* Model */,
				4EF769662A5D1D6800F489DF /* CoreDataConnection.swift */,
				4EF769682A5D1D6800F489DF /* Let_s_Talk.xcdatamodeld */,
			);
			path = CoreData;
			sourceTree = "<group>";
		};
		4E7990EA2A664911002027D1 /* Infrastructure */ = {
			isa = PBXGroup;
			children = (
				C9EFFAF92A70B9DE00D06775 /* Camera */,
				9BAAA2972A6E152B00671179 /* Multipeer */,
				4E819F592A6E4A0D00A12485 /* AVFoundation */,
				4E7990E92A664861002027D1 /* CoreData */,
			);
			path = Infrastructure;
			sourceTree = "<group>";
		};
		4E7990EB2A66498D002027D1 /* Styles */ = {
			isa = PBXGroup;
			children = (
				4E7990EF2A66A1B9002027D1 /* Colors.swift */,
				4E7990F12A66A1C0002027D1 /* Fonts.swift */,
				4E7990F32A66A1CA002027D1 /* ButtonStyles.swift */,
				9BAAA2892A6987E100671179 /* BarProgressStyle.swift */,
				9B5BD56D2A6F7FE300FBB9C7 /* Spacing.swift */,
			);
			path = Styles;
			sourceTree = "<group>";
		};
		4E7990EC2A664993002027D1 /* Extensions */ = {
			isa = PBXGroup;
			children = (
				4E7991122A66A605002027D1 /* Collection+Extensions.swift */,
				4E1A555C2A6ADD220056951B /* View+Extensions.swift */,
				4E435B292A6C2C8400602281 /* SignedInteger+Extensions.swift */,
			);
			path = Extensions;
			sourceTree = "<group>";
		};
		4E7990ED2A666951002027D1 /* Screens */ = {
			isa = PBXGroup;
			children = (
				4E7991062A66A423002027D1 /* LoveLog */,
				4E7991052A66A41D002027D1 /* Question */,
				4E7991042A66A415002027D1 /* Topic */,
				4E7990F72A66A29B002027D1 /* User */,
			);
			path = Screens;
			sourceTree = "<group>";
		};
		4E7990F72A66A29B002027D1 /* User */ = {
			isa = PBXGroup;
			children = (
				4E7990F92A66A320002027D1 /* ViewModels */,
				4E7990F82A66A319002027D1 /* Views */,
				4E7990FA2A66A333002027D1 /* UserPairingScreen.swift */,
				4E7990FE2A66A3A0002027D1 /* UserOnboardingScreen.swift */,
				F59A2B512A70C9C6000F85DB /* UserDisconectedScreen.swift */,
				4E7991002A66A3E9002027D1 /* UserSetupScreen.swift */,
				4E7991022A66A404002027D1 /* UserPairingSuccessScreen.swift */,
			);
			path = User;
			sourceTree = "<group>";
		};
		4E7990F82A66A319002027D1 /* Views */ = {
			isa = PBXGroup;
			children = (
				4E7990FC2A66A37E002027D1 /* GenderSelectorView.swift */,
				9BAAA2752A67EEF400671179 /* AvatarView.swift */,
				C94650852A6837F700BEAC7A /* HeroView.swift */,
				C94650872A690BC600BEAC7A /* AppLogoView.swift */,
				C9EE06152A69283F00AD061B /* TalkTimeView.swift */,
				4E1A55582A6ACCD30056951B /* PairItemView.swift */,
				4E1A555A2A6AD6460056951B /* PairListView.swift */,
				4E80D4262A70CB7C00383159 /* CircularBackgroundView.swift */,
			);
			path = Views;
			sourceTree = "<group>";
		};
		4E7990F92A66A320002027D1 /* ViewModels */ = {
			isa = PBXGroup;
			children = (
				4E7990D22A6645C3002027D1 /* UserViewModel.swift */,
			);
			path = ViewModels;
			sourceTree = "<group>";
		};
		4E7991042A66A415002027D1 /* Topic */ = {
			isa = PBXGroup;
			children = (
				4E7991082A66A445002027D1 /* Views */,
				4E7991072A66A42F002027D1 /* ViewModels */,
				9BAAA2792A68E8A300671179 /* DashboardScreen.swift */,
			);
			path = Topic;
			sourceTree = "<group>";
		};
		4E7991052A66A41D002027D1 /* Question */ = {
			isa = PBXGroup;
			children = (
				4E79910A2A66A459002027D1 /* ViewModels */,
				4E7991092A66A454002027D1 /* Views */,
				C9EE06192A69713D00AD061B /* WarmUpScreen.swift */,
				C96355E22A6CEB2500FA260D /* WarmUpCorrectScreen.swift */,
				C96355EA2A6D11D600FA260D /* QuestionSessionOverviewScreen.swift */,
				C96355E82A6D048C00FA260D /* AddQuestionMediaScreen.swift */,
				9B5F9A642A6F9A9E0047574F /* ReceiverQuestionScreen.swift */,
				C98F81302A6F6B2600F62000 /* SenderQuestionScreen.swift */,
				C9EFFAFC2A70C50800D06775 /* CameraScreen.swift */,
			);
			path = Question;
			sourceTree = "<group>";
		};
		4E7991062A66A423002027D1 /* LoveLog */ = {
			isa = PBXGroup;
			children = (
				4E79910C2A66A46A002027D1 /* ViewModels */,
				4E79910B2A66A466002027D1 /* Views */,
				9BAAA27B2A68E8CD00671179 /* LoveLogScreen.swift */,
				C9AEC4AD2A72BAEC0067B23C /* LoveLogDetailScreen.swift */,
			);
			path = LoveLog;
			sourceTree = "<group>";
		};
		4E7991072A66A42F002027D1 /* ViewModels */ = {
			isa = PBXGroup;
			children = (
				4E7990DF2A66460D002027D1 /* TopicViewModel.swift */,
			);
			path = ViewModels;
			sourceTree = "<group>";
		};
		4E7991082A66A445002027D1 /* Views */ = {
			isa = PBXGroup;
			children = (
				9BAAA2812A68F9F700671179 /* TopicIconView.swift */,
				9BAAA2852A69599900671179 /* TopicProgressView.swift */,
				F53960E62A6D1214005211F4 /* TopicListView.swift */,
				9B836CD62A6E9ED70075D450 /* TopicItemView.swift */,
				C97231662A6ED2CB00FD8302 /* GreetingView.swift */,
			);
			path = Views;
			sourceTree = "<group>";
		};
		4E7991092A66A454002027D1 /* Views */ = {
			isa = PBXGroup;
			children = (
				C9EFFAFA2A70C44100D06775 /* CameraViewfinderView.swift */,
				C9EE061B2A69F94D00AD061B /* WarmUpTimerView.swift */,
				C9EE06172A696DB500AD061B /* WarmUpCardView.swift */,
				9BAAA28F2A6A2E0100671179 /* RecordingTimeView.swift */,
				9BAAA28D2A6A26B200671179 /* QuestionTextView.swift */,
				4E1A55562A6A37660056951B /* SubQuestionTextView.swift */,
				4E435B2B2A6C2F1D00602281 /* WarmUpUserAnswerView.swift */,
				C96355E62A6CF4C500FA260D /* TurnChangeAlertView.swift */,
				9BAAA2952A6D140300671179 /* QuestionTextView.swift */,
				9BAAA2912A6D0D3000671179 /* QuestionCardView.swift */,
				4E819F572A6E474D00A12485 /* AddPhotoView.swift */,
			);
			path = Views;
			sourceTree = "<group>";
		};
		4E79910A2A66A459002027D1 /* ViewModels */ = {
			isa = PBXGroup;
			children = (
				4E7990E12A664617002027D1 /* QuestionViewModel.swift */,
			);
			path = ViewModels;
			sourceTree = "<group>";
		};
		4E79910B2A66A466002027D1 /* Views */ = {
			isa = PBXGroup;
			children = (
				F555A5772A72C9CC009F6269 /* MonthViewCalendar.swift */,
				F555A5792A736C86009F6269 /* YearViewCalendar.swift */,
			);
			path = Views;
			sourceTree = "<group>";
		};
		4E79910C2A66A46A002027D1 /* ViewModels */ = {
			isa = PBXGroup;
			children = (
				4E7990E32A664625002027D1 /* LoveLogViewModel.swift */,
			);
			path = ViewModels;
			sourceTree = "<group>";
		};
		4E79910D2A66A4E2002027D1 /* Utils */ = {
			isa = PBXGroup;
			children = (
				4E79910E2A66A569002027D1 /* JSONHandler.swift */,
				4E7991102A66A5B2002027D1 /* SwipeDetection.swift */,
				4EE799622A683D2800675622 /* UnitConverter.swift */,
			);
			path = Utils;
			sourceTree = "<group>";
		};
		4E819F592A6E4A0D00A12485 /* AVFoundation */ = {
			isa = PBXGroup;
			children = (
				4E819F5A2A6E4C5500A12485 /* AVManager.swift */,
			);
			path = AVFoundation;
			sourceTree = "<group>";
		};
		4EF769512A5D1D6800F489DF = {
			isa = PBXGroup;
			children = (
				4EF769702A5D1DB100F489DF /* README.md */,
				4EF7695C2A5D1D6800F489DF /* Let's Talk */,
				4EF7695B2A5D1D6800F489DF /* Products */,
			);
			sourceTree = "<group>";
		};
		4EF7695B2A5D1D6800F489DF /* Products */ = {
			isa = PBXGroup;
			children = (
				4EF7695A2A5D1D6800F489DF /* Let's Talk.app */,
			);
			name = Products;
			sourceTree = "<group>";
		};
		4EF7695C2A5D1D6800F489DF /* Let's Talk */ = {
			isa = PBXGroup;
			children = (
				4E9C886A2A72BE100057109D /* Let-s-Talk-Info.plist */,
				4E79910D2A66A4E2002027D1 /* Utils */,
				4E7990AA2A6641E0002027D1 /* Domains */,
				4E7990E52A664724002027D1 /* Application */,
				4E7990EA2A664911002027D1 /* Infrastructure */,
				4EF7695D2A5D1D6800F489DF /* Let_s_TalkApp.swift */,
				4E7990E82A664821002027D1 /* Assets */,
				4EF769632A5D1D6800F489DF /* Preview Content */,
			);
			path = "Let's Talk";
			sourceTree = "<group>";
		};
		4EF769632A5D1D6800F489DF /* Preview Content */ = {
			isa = PBXGroup;
			children = (
				4EF769642A5D1D6800F489DF /* Preview Assets.xcassets */,
			);
			path = "Preview Content";
			sourceTree = "<group>";
		};
		9BAAA2972A6E152B00671179 /* Multipeer */ = {
			isa = PBXGroup;
			children = (
				9BAAA29C2A6E195500671179 /* Model */,
				9BAAA2982A6E154800671179 /* MultipeerHandler.swift */,
			);
			path = Multipeer;
			sourceTree = "<group>";
		};
		9BAAA29C2A6E195500671179 /* Model */ = {
			isa = PBXGroup;
			children = (
				9BAAA29D2A6E196000671179 /* PhoneModel.swift */,
				9BCA71562A6EC64700D37E2D /* coupleModel.swift */,
				4E80D42F2A71136000383159 /* MultipeerData.swift */,
			);
			path = Model;
			sourceTree = "<group>";
		};
		C9EE06442A6B4CF900AD061B /* Model */ = {
			isa = PBXGroup;
			children = (
				C9EE06652A6B83A500AD061B /* Topic+CoreDataClass.swift */,
				C9EE06662A6B83A500AD061B /* Topic+CoreDataProperties.swift */,
				C9EE06672A6B83A500AD061B /* Answer+CoreDataClass.swift */,
				C9EE06682A6B83A500AD061B /* Answer+CoreDataProperties.swift */,
				C9EE06692A6B83A500AD061B /* User+CoreDataClass.swift */,
				C9EE066A2A6B83A500AD061B /* User+CoreDataProperties.swift */,
				C9EE066B2A6B83A500AD061B /* LoveLog+CoreDataClass.swift */,
				C9EE066C2A6B83A500AD061B /* LoveLog+CoreDataProperties.swift */,
				C9EE066D2A6B83A500AD061B /* Question+CoreDataClass.swift */,
				C9EE066E2A6B83A500AD061B /* Question+CoreDataProperties.swift */,
				C9EE066F2A6B83A500AD061B /* SubQuestion+CoreDataClass.swift */,
				C9EE06702A6B83A500AD061B /* SubQuestion+CoreDataProperties.swift */,
				C9EE06632A6B581200AD061B /* UserExtension.swift */,
				C9EE06612A6B57BD00AD061B /* LoveLogExtension.swift */,
				C9EE06472A6B51BD00AD061B /* QuestionExtension.swift */,
				C9EE06452A6B512C00AD061B /* TopicExtension.swift */,
			);
			path = Model;
			sourceTree = "<group>";
		};
		C9EFFAF92A70B9DE00D06775 /* Camera */ = {
			isa = PBXGroup;
			children = (
				C9EFFB002A70C63A00D06775 /* Camera.swift */,
			);
			path = Camera;
			sourceTree = "<group>";
		};
/* End PBXGroup section */

/* Begin PBXNativeTarget section */
		4EF769592A5D1D6800F489DF /* Let's Talk */ = {
			isa = PBXNativeTarget;
			buildConfigurationList = 4EF7696D2A5D1D6800F489DF /* Build configuration list for PBXNativeTarget "Let's Talk" */;
			buildPhases = (
				4EF769562A5D1D6800F489DF /* Sources */,
				4EF769572A5D1D6800F489DF /* Frameworks */,
				4EF769582A5D1D6800F489DF /* Resources */,
			);
			buildRules = (
			);
			dependencies = (
			);
			name = "Let's Talk";
			productName = "Let's Talk";
			productReference = 4EF7695A2A5D1D6800F489DF /* Let's Talk.app */;
			productType = "com.apple.product-type.application";
		};
/* End PBXNativeTarget section */

/* Begin PBXProject section */
		4EF769522A5D1D6800F489DF /* Project object */ = {
			isa = PBXProject;
			attributes = {
				BuildIndependentTargetsInParallel = 1;
				LastSwiftUpdateCheck = 1420;
				LastUpgradeCheck = 1420;
				TargetAttributes = {
					4EF769592A5D1D6800F489DF = {
						CreatedOnToolsVersion = 14.2;
					};
				};
			};
			buildConfigurationList = 4EF769552A5D1D6800F489DF /* Build configuration list for PBXProject "Let's Talk" */;
			compatibilityVersion = "Xcode 14.0";
			developmentRegion = en;
			hasScannedForEncodings = 0;
			knownRegions = (
				en,
				Base,
			);
			mainGroup = 4EF769512A5D1D6800F489DF;
			productRefGroup = 4EF7695B2A5D1D6800F489DF /* Products */;
			projectDirPath = "";
			projectRoot = "";
			targets = (
				4EF769592A5D1D6800F489DF /* Let's Talk */,
			);
		};
/* End PBXProject section */

/* Begin PBXResourcesBuildPhase section */
		4EF769582A5D1D6800F489DF /* Resources */ = {
			isa = PBXResourcesBuildPhase;
			buildActionMask = 2147483647;
			files = (
				4E80D4292A70CDAD00383159 /* InitialData.json in Resources */,
				4EF769652A5D1D6800F489DF /* Preview Assets.xcassets in Resources */,
				4EF769622A5D1D6800F489DF /* Assets.xcassets in Resources */,
			);
			runOnlyForDeploymentPostprocessing = 0;
		};
/* End PBXResourcesBuildPhase section */

/* Begin PBXSourcesBuildPhase section */
		4EF769562A5D1D6800F489DF /* Sources */ = {
			isa = PBXSourcesBuildPhase;
			buildActionMask = 2147483647;
			files = (
				4E7991012A66A3E9002027D1 /* UserSetupScreen.swift in Sources */,
				4E80D42C2A70F0EB00383159 /* GreetingView.swift in Sources */,
				4EF769672A5D1D6800F489DF /* CoreDataConnection.swift in Sources */,
				4E80D4302A71136000383159 /* MultipeerData.swift in Sources */,
				4E8048A32A6FEA5E005CF350 /* QuestionSessionOverviewScreen.swift in Sources */,
				4E7990FB2A66A333002027D1 /* UserPairingScreen.swift in Sources */,
				4EAE9D2B2A68EEDA00A7B7E6 /* StatefulPreviewView.swift in Sources */,
				4E8048A12A6FEA30005CF350 /* SenderQuestionScreen.swift in Sources */,
				9BAAA28A2A6987E100671179 /* BarProgressStyle.swift in Sources */,
				4E80D4272A70CB7C00383159 /* CircularBackgroundView.swift in Sources */,
				4E7990D92A6645E6002027D1 /* LoveLogRepository.swift in Sources */,
				C9AEC4AE2A72BAEC0067B23C /* LoveLogDetailScreen.swift in Sources */,
				9BAAA27A2A68E8A300671179 /* DashboardScreen.swift in Sources */,
				C9EE061A2A69713D00AD061B /* WarmUpScreen.swift in Sources */,
				F555A5782A72C9CC009F6269 /* MonthViewCalendar.swift in Sources */,
				4E7990F22A66A1C0002027D1 /* Fonts.swift in Sources */,
				4E7990FF2A66A3A0002027D1 /* UserOnboardingScreen.swift in Sources */,
				C9EE06162A69283F00AD061B /* TalkTimeView.swift in Sources */,
				4E7990C02A664481002027D1 /* TopicEntity.swift in Sources */,
				4E7990CE2A664593002027D1 /* QuestionCoreDataAdapter.swift in Sources */,
				4E7990CE2A664593002027D1 /* QuestionCoreDataAdapter.swift in Sources */,
				C9073CAA2A6FBF87004A9B1E /* SubQuestionEntity.swift in Sources */,
				4EE799652A6842EB00675622 /* TextFieldView.swift in Sources */,
				4EDF2ADC2A681933002E0645 /* LayoutView.swift in Sources */,
				4E7990B52A6643FF002027D1 /* UserService.swift in Sources */,
				4E7990E42A664625002027D1 /* LoveLogViewModel.swift in Sources */,
				4E79910F2A66A569002027D1 /* JSONHandler.swift in Sources */,
				C9EE06762A6B83A500AD061B /* User+CoreDataProperties.swift in Sources */,
				C9EE06772A6B83A500AD061B /* LoveLog+CoreDataClass.swift in Sources */,
				4E7990F02A66A1B9002027D1 /* Colors.swift in Sources */,
				9BAAA2762A67EEF400671179 /* AvatarView.swift in Sources */,
				4E7990CC2A664586002027D1 /* QuestionRepository.swift in Sources */,
				C9EE06782A6B83A500AD061B /* LoveLog+CoreDataProperties.swift in Sources */,
				9BAAA2822A68F9F700671179 /* TopicIconView.swift in Sources */,
				C9EE06642A6B581200AD061B /* UserExtension.swift in Sources */,
				4E7990B92A66443B002027D1 /* UserCoreDataAdapter.swift in Sources */,
				C96355E72A6CF4C500FA260D /* TurnChangeAlertView.swift in Sources */,
				4EF7696A2A5D1D6800F489DF /* Let_s_Talk.xcdatamodeld in Sources */,
				4E7990BB2A66445A002027D1 /* UserEntity.swift in Sources */,
				C9EE06462A6B512C00AD061B /* TopicExtension.swift in Sources */,
				4E1A55572A6A37660056951B /* SubQuestionTextView.swift in Sources */,
				4E435B2C2A6C2F1D00602281 /* WarmUpUserAnswerView.swift in Sources */,
				C9EE067A2A6B83A500AD061B /* Question+CoreDataProperties.swift in Sources */,
				4E7991132A66A605002027D1 /* Collection+Extensions.swift in Sources */,
				C9EFFAFD2A70C50800D06775 /* CameraScreen.swift in Sources */,
				C9EE06622A6B57BD00AD061B /* LoveLogExtension.swift in Sources */,
				C9EE06712A6B83A500AD061B /* Topic+CoreDataClass.swift in Sources */,
				4E435B2A2A6C2C8400602281 /* SignedInteger+Extensions.swift in Sources */,
				4E7990E22A664617002027D1 /* QuestionViewModel.swift in Sources */,
				C9EFFB012A70C63A00D06775 /* Camera.swift in Sources */,
				4E7991112A66A5B2002027D1 /* SwipeDetection.swift in Sources */,
				4E7990D12A6645A6002027D1 /* QuestionService.swift in Sources */,
				C9EE06732A6B83A500AD061B /* Answer+CoreDataClass.swift in Sources */,
				9BAAA2962A6D140300671179 /* QuestionTextView.swift in Sources */,
				4EF7695E2A5D1D6800F489DF /* Let_s_TalkApp.swift in Sources */,
				4E1A555D2A6ADD220056951B /* View+Extensions.swift in Sources */,
				9B836CD72A6E9ED70075D450 /* TopicItemView.swift in Sources */,
				4E7990C92A664569002027D1 /* QuestionEntity.swift in Sources */,
				4E7990B72A664414002027D1 /* UserRepository.swift in Sources */,
				4E1A555B2A6AD6470056951B /* PairListView.swift in Sources */,
				4E7990C62A6644C2002027D1 /* TopicService.swift in Sources */,
				C9073CA92A6FBF2F004A9B1E /* TopicCoreDataAdapter.swift in Sources */,
				F53960E72A6D1214005211F4 /* TopicListView.swift in Sources */,
				4E7990D62A6645D6002027D1 /* LoveLogEntity.swift in Sources */,
				4E7990DB2A6645F1002027D1 /* LoveLogCoreDataAdapter.swift in Sources */,
				9BAAA29E2A6E196000671179 /* PhoneModel.swift in Sources */,
				C9EE06722A6B83A500AD061B /* Topic+CoreDataProperties.swift in Sources */,
				4E7990DE2A664603002027D1 /* LoveLogService.swift in Sources */,
				C9EFFAFB2A70C44100D06775 /* CameraViewfinderView.swift in Sources */,
				4E7990F42A66A1CA002027D1 /* ButtonStyles.swift in Sources */,
				C9EE06182A696DB500AD061B /* WarmUpCardView.swift in Sources */,
				C9EE06792A6B83A500AD061B /* Question+CoreDataClass.swift in Sources */,
				9BAAA2922A6D0D3000671179 /* QuestionCardView.swift in Sources */,
				C9EE067C2A6B83A500AD061B /* SubQuestion+CoreDataProperties.swift in Sources */,
				9BAAA27C2A68E8CD00671179 /* LoveLogScreen.swift in Sources */,
				4E1A55592A6ACCD30056951B /* PairItemView.swift in Sources */,
				9B5F9A652A6F9A9E0047574F /* ReceiverQuestionScreen.swift in Sources */,
				4E8048A22A6FEA51005CF350 /* AddQuestionMediaScreen.swift in Sources */,
				4E7990E02A66460D002027D1 /* TopicViewModel.swift in Sources */,
				9B5BD56E2A6F7FE300FBB9C7 /* Spacing.swift in Sources */,
				4E7990D32A6645C3002027D1 /* UserViewModel.swift in Sources */,
				C9EE067B2A6B83A500AD061B /* SubQuestion+CoreDataClass.swift in Sources */,
				4E7990FD2A66A37E002027D1 /* GenderSelectorView.swift in Sources */,
				9BAAA2862A69599900671179 /* TopicProgressView.swift in Sources */,
				4E1A55552A6A29720056951B /* LoveLogRoutes.swift in Sources */,
				C9EE06752A6B83A500AD061B /* User+CoreDataClass.swift in Sources */,
				F555A57A2A736C86009F6269 /* YearViewCalendar.swift in Sources */,
				4E80D42E2A710FA000383159 /* LoadingView.swift in Sources */,
				C96355E32A6CEB2500FA260D /* WarmUpCorrectScreen.swift in Sources */,
				C94650882A690BC600BEAC7A /* AppLogoView.swift in Sources */,
				9BAAA2782A68E7DA00671179 /* TabBarView.swift in Sources */,
				C9EE061C2A69F94D00AD061B /* WarmUpTimerView.swift in Sources */,
				C94650862A6837F700BEAC7A /* HeroView.swift in Sources */,
				9BAAA2992A6E154800671179 /* MultipeerHandler.swift in Sources */,
				4E7991032A66A404002027D1 /* UserPairingSuccessScreen.swift in Sources */,
				4EDF2ADA2A6805C1002E0645 /* ButtonView.swift in Sources */,
				4E7990C22A6644A8002027D1 /* TopicRepository.swift in Sources */,
				4E7990F62A66A28C002027D1 /* DashboardRoutes.swift in Sources */,
				4E819F5B2A6E4C5500A12485 /* AVManager.swift in Sources */,
				9BAAA2902A6A2E0100671179 /* RecordingTimeView.swift in Sources */,
				F59A2B522A70C9C6000F85DB /* UserDisconectedScreen.swift in Sources */,
				C9EA52B62A718BB400B67C45 /* AnswerEntity.swift in Sources */,
				9BCA71572A6EC64700D37E2D /* coupleModel.swift in Sources */,
				4E819F582A6E474D00A12485 /* AddPhotoView.swift in Sources */,
				4EE799632A683D2800675622 /* UnitConverter.swift in Sources */,
				C9EE06482A6B51BD00AD061B /* QuestionExtension.swift in Sources */,
				C9EE06742A6B83A500AD061B /* Answer+CoreDataProperties.swift in Sources */,
			);
			runOnlyForDeploymentPostprocessing = 0;
		};
/* End PBXSourcesBuildPhase section */

/* Begin XCBuildConfiguration section */
		4EF7696B2A5D1D6800F489DF /* Debug */ = {
			isa = XCBuildConfiguration;
			buildSettings = {
				ALWAYS_SEARCH_USER_PATHS = NO;
				CLANG_ANALYZER_NONNULL = YES;
				CLANG_ANALYZER_NUMBER_OBJECT_CONVERSION = YES_AGGRESSIVE;
				CLANG_CXX_LANGUAGE_STANDARD = "gnu++20";
				CLANG_ENABLE_MODULES = YES;
				CLANG_ENABLE_OBJC_ARC = YES;
				CLANG_ENABLE_OBJC_WEAK = YES;
				CLANG_WARN_BLOCK_CAPTURE_AUTORELEASING = YES;
				CLANG_WARN_BOOL_CONVERSION = YES;
				CLANG_WARN_COMMA = YES;
				CLANG_WARN_CONSTANT_CONVERSION = YES;
				CLANG_WARN_DEPRECATED_OBJC_IMPLEMENTATIONS = YES;
				CLANG_WARN_DIRECT_OBJC_ISA_USAGE = YES_ERROR;
				CLANG_WARN_DOCUMENTATION_COMMENTS = YES;
				CLANG_WARN_EMPTY_BODY = YES;
				CLANG_WARN_ENUM_CONVERSION = YES;
				CLANG_WARN_INFINITE_RECURSION = YES;
				CLANG_WARN_INT_CONVERSION = YES;
				CLANG_WARN_NON_LITERAL_NULL_CONVERSION = YES;
				CLANG_WARN_OBJC_IMPLICIT_RETAIN_SELF = YES;
				CLANG_WARN_OBJC_LITERAL_CONVERSION = YES;
				CLANG_WARN_OBJC_ROOT_CLASS = YES_ERROR;
				CLANG_WARN_QUOTED_INCLUDE_IN_FRAMEWORK_HEADER = YES;
				CLANG_WARN_RANGE_LOOP_ANALYSIS = YES;
				CLANG_WARN_STRICT_PROTOTYPES = YES;
				CLANG_WARN_SUSPICIOUS_MOVE = YES;
				CLANG_WARN_UNGUARDED_AVAILABILITY = YES_AGGRESSIVE;
				CLANG_WARN_UNREACHABLE_CODE = YES;
				CLANG_WARN__DUPLICATE_METHOD_MATCH = YES;
				COPY_PHASE_STRIP = NO;
				DEBUG_INFORMATION_FORMAT = dwarf;
				ENABLE_STRICT_OBJC_MSGSEND = YES;
				ENABLE_TESTABILITY = YES;
				GCC_C_LANGUAGE_STANDARD = gnu11;
				GCC_DYNAMIC_NO_PIC = NO;
				GCC_NO_COMMON_BLOCKS = YES;
				GCC_OPTIMIZATION_LEVEL = 0;
				GCC_PREPROCESSOR_DEFINITIONS = (
					"DEBUG=1",
					"$(inherited)",
				);
				GCC_WARN_64_TO_32_BIT_CONVERSION = YES;
				GCC_WARN_ABOUT_RETURN_TYPE = YES_ERROR;
				GCC_WARN_UNDECLARED_SELECTOR = YES;
				GCC_WARN_UNINITIALIZED_AUTOS = YES_AGGRESSIVE;
				GCC_WARN_UNUSED_FUNCTION = YES;
				GCC_WARN_UNUSED_VARIABLE = YES;
				IPHONEOS_DEPLOYMENT_TARGET = 16.2;
				MTL_ENABLE_DEBUG_INFO = INCLUDE_SOURCE;
				MTL_FAST_MATH = YES;
				ONLY_ACTIVE_ARCH = YES;
				SDKROOT = iphoneos;
				SWIFT_ACTIVE_COMPILATION_CONDITIONS = DEBUG;
				SWIFT_OPTIMIZATION_LEVEL = "-Onone";
			};
			name = Debug;
		};
		4EF7696C2A5D1D6800F489DF /* Release */ = {
			isa = XCBuildConfiguration;
			buildSettings = {
				ALWAYS_SEARCH_USER_PATHS = NO;
				CLANG_ANALYZER_NONNULL = YES;
				CLANG_ANALYZER_NUMBER_OBJECT_CONVERSION = YES_AGGRESSIVE;
				CLANG_CXX_LANGUAGE_STANDARD = "gnu++20";
				CLANG_ENABLE_MODULES = YES;
				CLANG_ENABLE_OBJC_ARC = YES;
				CLANG_ENABLE_OBJC_WEAK = YES;
				CLANG_WARN_BLOCK_CAPTURE_AUTORELEASING = YES;
				CLANG_WARN_BOOL_CONVERSION = YES;
				CLANG_WARN_COMMA = YES;
				CLANG_WARN_CONSTANT_CONVERSION = YES;
				CLANG_WARN_DEPRECATED_OBJC_IMPLEMENTATIONS = YES;
				CLANG_WARN_DIRECT_OBJC_ISA_USAGE = YES_ERROR;
				CLANG_WARN_DOCUMENTATION_COMMENTS = YES;
				CLANG_WARN_EMPTY_BODY = YES;
				CLANG_WARN_ENUM_CONVERSION = YES;
				CLANG_WARN_INFINITE_RECURSION = YES;
				CLANG_WARN_INT_CONVERSION = YES;
				CLANG_WARN_NON_LITERAL_NULL_CONVERSION = YES;
				CLANG_WARN_OBJC_IMPLICIT_RETAIN_SELF = YES;
				CLANG_WARN_OBJC_LITERAL_CONVERSION = YES;
				CLANG_WARN_OBJC_ROOT_CLASS = YES_ERROR;
				CLANG_WARN_QUOTED_INCLUDE_IN_FRAMEWORK_HEADER = YES;
				CLANG_WARN_RANGE_LOOP_ANALYSIS = YES;
				CLANG_WARN_STRICT_PROTOTYPES = YES;
				CLANG_WARN_SUSPICIOUS_MOVE = YES;
				CLANG_WARN_UNGUARDED_AVAILABILITY = YES_AGGRESSIVE;
				CLANG_WARN_UNREACHABLE_CODE = YES;
				CLANG_WARN__DUPLICATE_METHOD_MATCH = YES;
				COPY_PHASE_STRIP = NO;
				DEBUG_INFORMATION_FORMAT = "dwarf-with-dsym";
				ENABLE_NS_ASSERTIONS = NO;
				ENABLE_STRICT_OBJC_MSGSEND = YES;
				GCC_C_LANGUAGE_STANDARD = gnu11;
				GCC_NO_COMMON_BLOCKS = YES;
				GCC_WARN_64_TO_32_BIT_CONVERSION = YES;
				GCC_WARN_ABOUT_RETURN_TYPE = YES_ERROR;
				GCC_WARN_UNDECLARED_SELECTOR = YES;
				GCC_WARN_UNINITIALIZED_AUTOS = YES_AGGRESSIVE;
				GCC_WARN_UNUSED_FUNCTION = YES;
				GCC_WARN_UNUSED_VARIABLE = YES;
				IPHONEOS_DEPLOYMENT_TARGET = 16.2;
				MTL_ENABLE_DEBUG_INFO = NO;
				MTL_FAST_MATH = YES;
				SDKROOT = iphoneos;
				SWIFT_COMPILATION_MODE = wholemodule;
				SWIFT_OPTIMIZATION_LEVEL = "-O";
				VALIDATE_PRODUCT = YES;
			};
			name = Release;
		};
		4EF7696E2A5D1D6800F489DF /* Debug */ = {
			isa = XCBuildConfiguration;
			buildSettings = {
				ASSETCATALOG_COMPILER_APPICON_NAME = AppIcon;
				ASSETCATALOG_COMPILER_GLOBAL_ACCENT_COLOR_NAME = AccentColor;
				CODE_SIGN_STYLE = Automatic;
				CURRENT_PROJECT_VERSION = 1;
				DEVELOPMENT_ASSET_PATHS = "\"Let's Talk/Preview Content\"";
				DEVELOPMENT_TEAM = 578BJN6MM7;
				ENABLE_PREVIEWS = YES;
				GENERATE_INFOPLIST_FILE = YES;
				INFOPLIST_FILE = "Let-s-Talk-Info.plist";
				INFOPLIST_KEY_CFBundleDisplayName = "Talk Ease";
				INFOPLIST_KEY_LSApplicationCategoryType = "public.app-category.entertainment";
				INFOPLIST_KEY_NSCameraUsageDescription = "Talk Ease needs access to your camera to capture your voice that will be saved as part of a memory that you made with your partner";
				INFOPLIST_KEY_NSLocalNetworkUsageDescription = "Talk Ease needs to use your phone's data to discover devices nearby and to send data to other phone";
				INFOPLIST_KEY_NSMicrophoneUsageDescription = "Talk Ease needs access to your microphone to record your voice that will be saved as part of a memory that you made with your partner";
				INFOPLIST_KEY_UIApplicationSceneManifest_Generation = YES;
				INFOPLIST_KEY_UIApplicationSupportsIndirectInputEvents = YES;
				INFOPLIST_KEY_UILaunchScreen_Generation = YES;
				INFOPLIST_KEY_UISupportedInterfaceOrientations_iPad = "UIInterfaceOrientationPortrait UIInterfaceOrientationPortraitUpsideDown UIInterfaceOrientationLandscapeLeft UIInterfaceOrientationLandscapeRight";
				INFOPLIST_KEY_UISupportedInterfaceOrientations_iPhone = "UIInterfaceOrientationPortrait UIInterfaceOrientationLandscapeLeft UIInterfaceOrientationLandscapeRight";
				IPHONEOS_DEPLOYMENT_TARGET = 16.0;
				LD_RUNPATH_SEARCH_PATHS = (
					"$(inherited)",
					"@executable_path/Frameworks",
				);
				MARKETING_VERSION = 1.0;
				PRODUCT_BUNDLE_IDENTIFIER = "com.boedjangan.Let-s-Talk";
				PRODUCT_NAME = "$(TARGET_NAME)";
				SWIFT_EMIT_LOC_STRINGS = YES;
				SWIFT_VERSION = 5.0;
				TARGETED_DEVICE_FAMILY = "1,2";
			};
			name = Debug;
		};
		4EF7696F2A5D1D6800F489DF /* Release */ = {
			isa = XCBuildConfiguration;
			buildSettings = {
				ASSETCATALOG_COMPILER_APPICON_NAME = AppIcon;
				ASSETCATALOG_COMPILER_GLOBAL_ACCENT_COLOR_NAME = AccentColor;
				CODE_SIGN_STYLE = Automatic;
				CURRENT_PROJECT_VERSION = 1;
				DEVELOPMENT_ASSET_PATHS = "\"Let's Talk/Preview Content\"";
				DEVELOPMENT_TEAM = 578BJN6MM7;
				ENABLE_PREVIEWS = YES;
				GENERATE_INFOPLIST_FILE = YES;
				INFOPLIST_FILE = "Let-s-Talk-Info.plist";
				INFOPLIST_KEY_CFBundleDisplayName = "Talk Ease";
				INFOPLIST_KEY_LSApplicationCategoryType = "public.app-category.entertainment";
				INFOPLIST_KEY_NSCameraUsageDescription = "Talk Ease needs access to your camera to capture your voice that will be saved as part of a memory that you made with your partner";
				INFOPLIST_KEY_NSLocalNetworkUsageDescription = "Talk Ease needs to use your phone's data to discover devices nearby and to send data to other phone";
				INFOPLIST_KEY_NSMicrophoneUsageDescription = "Talk Ease needs access to your microphone to record your voice that will be saved as part of a memory that you made with your partner";
				INFOPLIST_KEY_UIApplicationSceneManifest_Generation = YES;
				INFOPLIST_KEY_UIApplicationSupportsIndirectInputEvents = YES;
				INFOPLIST_KEY_UILaunchScreen_Generation = YES;
				INFOPLIST_KEY_UISupportedInterfaceOrientations_iPad = "UIInterfaceOrientationPortrait UIInterfaceOrientationPortraitUpsideDown UIInterfaceOrientationLandscapeLeft UIInterfaceOrientationLandscapeRight";
				INFOPLIST_KEY_UISupportedInterfaceOrientations_iPhone = "UIInterfaceOrientationPortrait UIInterfaceOrientationLandscapeLeft UIInterfaceOrientationLandscapeRight";
				IPHONEOS_DEPLOYMENT_TARGET = 16.0;
				LD_RUNPATH_SEARCH_PATHS = (
					"$(inherited)",
					"@executable_path/Frameworks",
				);
				MARKETING_VERSION = 1.0;
				PRODUCT_BUNDLE_IDENTIFIER = "com.boedjangan.Let-s-Talk";
				PRODUCT_NAME = "$(TARGET_NAME)";
				SWIFT_EMIT_LOC_STRINGS = YES;
				SWIFT_VERSION = 5.0;
				TARGETED_DEVICE_FAMILY = "1,2";
			};
			name = Release;
		};
/* End XCBuildConfiguration section */

/* Begin XCConfigurationList section */
		4EF769552A5D1D6800F489DF /* Build configuration list for PBXProject "Let's Talk" */ = {
			isa = XCConfigurationList;
			buildConfigurations = (
				4EF7696B2A5D1D6800F489DF /* Debug */,
				4EF7696C2A5D1D6800F489DF /* Release */,
			);
			defaultConfigurationIsVisible = 0;
			defaultConfigurationName = Release;
		};
		4EF7696D2A5D1D6800F489DF /* Build configuration list for PBXNativeTarget "Let's Talk" */ = {
			isa = XCConfigurationList;
			buildConfigurations = (
				4EF7696E2A5D1D6800F489DF /* Debug */,
				4EF7696F2A5D1D6800F489DF /* Release */,
			);
			defaultConfigurationIsVisible = 0;
			defaultConfigurationName = Release;
		};
/* End XCConfigurationList section */

/* Begin XCVersionGroup section */
		4EF769682A5D1D6800F489DF /* Let_s_Talk.xcdatamodeld */ = {
			isa = XCVersionGroup;
			children = (
				4EF769692A5D1D6800F489DF /* Let_s_Talk.xcdatamodel */,
			);
			currentVersion = 4EF769692A5D1D6800F489DF /* Let_s_Talk.xcdatamodel */;
			path = Let_s_Talk.xcdatamodeld;
			sourceTree = "<group>";
			versionGroupType = wrapper.xcdatamodel;
		};
/* End XCVersionGroup section */
	};
	rootObject = 4EF769522A5D1D6800F489DF /* Project object */;
}
